
Microsoft Visual Studio Solution File, Format Version 12.00
# Visual Studio Version 17
VisualStudioVersion = 17.0.31903.59
MinimumVisualStudioVersion = 10.0.40219.1
Project("{2150E333-8FDC-42A3-9474-1A3956D46DE8}") = "src", "src", "{827E0CD3-B72D-47B6-A68D-7590B98EB39B}"
EndProject
Project("{FAE04EC0-301F-11D3-BF4B-00C04F79EFBC}") = "CloudVault.Domain", "src\CloudVault.Domain\CloudVault.Domain.csproj", "{F5A89165-1322-4A43-9089-FCC94FD3CCE7}"
EndProject
Project("{FAE04EC0-301F-11D3-BF4B-00C04F79EFBC}") = "CloudVault.Application", "src\CloudVault.Application\CloudVault.Application.csproj", "{92B07ED0-0326-4962-AC05-A40109B5B26D}"
EndProject
Project("{FAE04EC0-301F-11D3-BF4B-00C04F79EFBC}") = "CloudVault.Infrastructure", "src\CloudVault.Infrastructure\CloudVault.Infrastructure.csproj", "{A8FA560D-6E5B-4111-8DE2-21954341D551}"
EndProject
Project("{FAE04EC0-301F-11D3-BF4B-00C04F79EFBC}") = "CloudVault.API", "src\CloudVault.API\CloudVault.API.csproj", "{D912511A-45E2-4836-BE37-C5D8F950F6CA}"
EndProject
Project("{FAE04EC0-301F-11D3-BF4B-00C04F79EFBC}") = "CloudVault.Web", "src\CloudVault.Web\CloudVault.Web.csproj", "{5ABDD65C-861F-40A3-9A27-7D12EFCEFB79}"
EndProject
Project("{2150E333-8FDC-42A3-9474-1A3956D46DE8}") = "tests", "tests", "{0AB3BF05-4346-4AA6-1389-037BE0695223}"
EndProject
Project("{FAE04EC0-301F-11D3-BF4B-00C04F79EFBC}") = "CloudVault.UnitTests", "tests\CloudVault.UnitTests\CloudVault.UnitTests.csproj", "{D4E5BA9F-272A-4DAB-92FB-EB7D7BB5B8A5}"
EndProject
Project("{FAE04EC0-301F-11D3-BF4B-00C04F79EFBC}") = "CloudVault.IntegrationTests", "tests\CloudVault.IntegrationTests\CloudVault.IntegrationTests.csproj", "{3FC3BAFA-A711-48C2-AD29-F2AB3984DDEB}"
EndProject
Global
	GlobalSection(SolutionConfigurationPlatforms) = preSolution
		Debug|Any CPU = Debug|Any CPU
		Debug|x64 = Debug|x64
		Debug|x86 = Debug|x86
		Release|Any CPU = Release|Any CPU
		Release|x64 = Release|x64
		Release|x86 = Release|x86
	EndGlobalSection
	GlobalSection(ProjectConfigurationPlatforms) = postSolution
		{F5A89165-1322-4A43-9089-FCC94FD3CCE7}.Debug|Any CPU.ActiveCfg = Debug|Any CPU
		{F5A89165-1322-4A43-9089-FCC94FD3CCE7}.Debug|Any CPU.Build.0 = Debug|Any CPU
		{F5A89165-1322-4A43-9089-FCC94FD3CCE7}.Debug|x64.ActiveCfg = Debug|Any CPU
		{F5A89165-1322-4A43-9089-FCC94FD3CCE7}.Debug|x64.Build.0 = Debug|Any CPU
		{F5A89165-1322-4A43-9089-FCC94FD3CCE7}.Debug|x86.ActiveCfg = Debug|Any CPU
		{F5A89165-1322-4A43-9089-FCC94FD3CCE7}.Debug|x86.Build.0 = Debug|Any CPU
		{F5A89165-1322-4A43-9089-FCC94FD3CCE7}.Release|Any CPU.ActiveCfg = Release|Any CPU
		{F5A89165-1322-4A43-9089-FCC94FD3CCE7}.Release|Any CPU.Build.0 = Release|Any CPU
		{F5A89165-1322-4A43-9089-FCC94FD3CCE7}.Release|x64.ActiveCfg = Release|Any CPU
		{F5A89165-1322-4A43-9089-FCC94FD3CCE7}.Release|x64.Build.0 = Release|Any CPU
		{F5A89165-1322-4A43-9089-FCC94FD3CCE7}.Release|x86.ActiveCfg = Release|Any CPU
		{F5A89165-1322-4A43-9089-FCC94FD3CCE7}.Release|x86.Build.0 = Release|Any CPU
		{92B07ED0-0326-4962-AC05-A40109B5B26D}.Debug|Any CPU.ActiveCfg = Debug|Any CPU
		{92B07ED0-0326-4962-AC05-A40109B5B26D}.Debug|Any CPU.Build.0 = Debug|Any CPU
		{92B07ED0-0326-4962-AC05-A40109B5B26D}.Debug|x64.ActiveCfg = Debug|Any CPU
		{92B07ED0-0326-4962-AC05-A40109B5B26D}.Debug|x64.Build.0 = Debug|Any CPU
		{92B07ED0-0326-4962-AC05-A40109B5B26D}.Debug|x86.ActiveCfg = Debug|Any CPU
		{92B07ED0-0326-4962-AC05-A40109B5B26D}.Debug|x86.Build.0 = Debug|Any CPU
		{92B07ED0-0326-4962-AC05-A40109B5B26D}.Release|Any CPU.ActiveCfg = Release|Any CPU
		{92B07ED0-0326-4962-AC05-A40109B5B26D}.Release|Any CPU.Build.0 = Release|Any CPU
		{92B07ED0-0326-4962-AC05-A40109B5B26D}.Release|x64.ActiveCfg = Release|Any CPU
		{92B07ED0-0326-4962-AC05-A40109B5B26D}.Release|x64.Build.0 = Release|Any CPU
		{92B07ED0-0326-4962-AC05-A40109B5B26D}.Release|x86.ActiveCfg = Release|Any CPU
		{92B07ED0-0326-4962-AC05-A40109B5B26D}.Release|x86.Build.0 = Release|Any CPU
		{A8FA560D-6E5B-4111-8DE2-21954341D551}.Debug|Any CPU.ActiveCfg = Debug|Any CPU
		{A8FA560D-6E5B-4111-8DE2-21954341D551}.Debug|Any CPU.Build.0 = Debug|Any CPU
		{A8FA560D-6E5B-4111-8DE2-21954341D551}.Debug|x64.ActiveCfg = Debug|Any CPU
		{A8FA560D-6E5B-4111-8DE2-21954341D551}.Debug|x64.Build.0 = Debug|Any CPU
		{A8FA560D-6E5B-4111-8DE2-21954341D551}.Debug|x86.ActiveCfg = Debug|Any CPU
		{A8FA560D-6E5B-4111-8DE2-21954341D551}.Debug|x86.Build.0 = Debug|Any CPU
		{A8FA560D-6E5B-4111-8DE2-21954341D551}.Release|Any CPU.ActiveCfg = Release|Any CPU
		{A8FA560D-6E5B-4111-8DE2-21954341D551}.Release|Any CPU.Build.0 = Release|Any CPU
		{A8FA560D-6E5B-4111-8DE2-21954341D551}.Release|x64.ActiveCfg = Release|Any CPU
		{A8FA560D-6E5B-4111-8DE2-21954341D551}.Release|x64.Build.0 = Release|Any CPU
		{A8FA560D-6E5B-4111-8DE2-21954341D551}.Release|x86.ActiveCfg = Release|Any CPU
		{A8FA560D-6E5B-4111-8DE2-21954341D551}.Release|x86.Build.0 = Release|Any CPU
		{D912511A-45E2-4836-BE37-C5D8F950F6CA}.Debug|Any CPU.ActiveCfg = Debug|Any CPU
		{D912511A-45E2-4836-BE37-C5D8F950F6CA}.Debug|Any CPU.Build.0 = Debug|Any CPU
		{D912511A-45E2-4836-BE37-C5D8F950F6CA}.Debug|x64.ActiveCfg = Debug|Any CPU
		{D912511A-45E2-4836-BE37-C5D8F950F6CA}.Debug|x64.Build.0 = Debug|Any CPU
		{D912511A-45E2-4836-BE37-C5D8F950F6CA}.Debug|x86.ActiveCfg = Debug|Any CPU
		{D912511A-45E2-4836-BE37-C5D8F950F6CA}.Debug|x86.Build.0 = Debug|Any CPU
		{D912511A-45E2-4836-BE37-C5D8F950F6CA}.Release|Any CPU.ActiveCfg = Release|Any CPU
		{D912511A-45E2-4836-BE37-C5D8F950F6CA}.Release|Any CPU.Build.0 = Release|Any CPU
		{D912511A-45E2-4836-BE37-C5D8F950F6CA}.Release|x64.ActiveCfg = Release|Any CPU
		{D912511A-45E2-4836-BE37-C5D8F950F6CA}.Release|x64.Build.0 = Release|Any CPU
		{D912511A-45E2-4836-BE37-C5D8F950F6CA}.Release|x86.ActiveCfg = Release|Any CPU
		{D912511A-45E2-4836-BE37-C5D8F950F6CA}.Release|x86.Build.0 = Release|Any CPU
		{5ABDD65C-861F-40A3-9A27-7D12EFCEFB79}.Debug|Any CPU.ActiveCfg = Debug|Any CPU
		{5ABDD65C-861F-40A3-9A27-7D12EFCEFB79}.Debug|Any CPU.Build.0 = Debug|Any CPU
		{5ABDD65C-861F-40A3-9A27-7D12EFCEFB79}.Debug|x64.ActiveCfg = Debug|Any CPU
		{5ABDD65C-861F-40A3-9A27-7D12EFCEFB79}.Debug|x64.Build.0 = Debug|Any CPU
		{5ABDD65C-861F-40A3-9A27-7D12EFCEFB79}.Debug|x86.ActiveCfg = Debug|Any CPU
		{5ABDD65C-861F-40A3-9A27-7D12EFCEFB79}.Debug|x86.Build.0 = Debug|Any CPU
		{5ABDD65C-861F-40A3-9A27-7D12EFCEFB79}.Release|Any CPU.ActiveCfg = Release|Any CPU
		{5ABDD65C-861F-40A3-9A27-7D12EFCEFB79}.Release|Any CPU.Build.0 = Release|Any CPU
		{5ABDD65C-861F-40A3-9A27-7D12EFCEFB79}.Release|x64.ActiveCfg = Release|Any CPU
		{5ABDD65C-861F-40A3-9A27-7D12EFCEFB79}.Release|x64.Build.0 = Release|Any CPU
		{5ABDD65C-861F-40A3-9A27-7D12EFCEFB79}.Release|x86.ActiveCfg = Release|Any CPU
		{5ABDD65C-861F-40A3-9A27-7D12EFCEFB79}.Release|x86.Build.0 = Release|Any CPU
		{D4E5BA9F-272A-4DAB-92FB-EB7D7BB5B8A5}.Debug|Any CPU.ActiveCfg = Debug|Any CPU
		{D4E5BA9F-272A-4DAB-92FB-EB7D7BB5B8A5}.Debug|Any CPU.Build.0 = Debug|Any CPU
		{D4E5BA9F-272A-4DAB-92FB-EB7D7BB5B8A5}.Debug|x64.ActiveCfg = Debug|Any CPU
		{D4E5BA9F-272A-4DAB-92FB-EB7D7BB5B8A5}.Debug|x64.Build.0 = Debug|Any CPU
		{D4E5BA9F-272A-4DAB-92FB-EB7D7BB5B8A5}.Debug|x86.ActiveCfg = Debug|Any CPU
		{D4E5BA9F-272A-4DAB-92FB-EB7D7BB5B8A5}.Debug|x86.Build.0 = Debug|Any CPU
		{D4E5BA9F-272A-4DAB-92FB-EB7D7BB5B8A5}.Release|Any CPU.ActiveCfg = Release|Any CPU
		{D4E5BA9F-272A-4DAB-92FB-EB7D7BB5B8A5}.Release|Any CPU.Build.0 = Release|Any CPU
		{D4E5BA9F-272A-4DAB-92FB-EB7D7BB5B8A5}.Release|x64.ActiveCfg = Release|Any CPU
		{D4E5BA9F-272A-4DAB-92FB-EB7D7BB5B8A5}.Release|x64.Build.0 = Release|Any CPU
		{D4E5BA9F-272A-4DAB-92FB-EB7D7BB5B8A5}.Release|x86.ActiveCfg = Release|Any CPU
		{D4E5BA9F-272A-4DAB-92FB-EB7D7BB5B8A5}.Release|x86.Build.0 = Release|Any CPU
		{3FC3BAFA-A711-48C2-AD29-F2AB3984DDEB}.Debug|Any CPU.ActiveCfg = Debug|Any CPU
		{3FC3BAFA-A711-48C2-AD29-F2AB3984DDEB}.Debug|Any CPU.Build.0 = Debug|Any CPU
		{3FC3BAFA-A711-48C2-AD29-F2AB3984DDEB}.Debug|x64.ActiveCfg = Debug|Any CPU
		{3FC3BAFA-A711-48C2-AD29-F2AB3984DDEB}.Debug|x64.Build.0 = Debug|Any CPU
		{3FC3BAFA-A711-48C2-AD29-F2AB3984DDEB}.Debug|x86.ActiveCfg = Debug|Any CPU
		{3FC3BAFA-A711-48C2-AD29-F2AB3984DDEB}.Debug|x86.Build.0 = Debug|Any CPU
		{3FC3BAFA-A711-48C2-AD29-F2AB3984DDEB}.Release|Any CPU.ActiveCfg = Release|Any CPU
		{3FC3BAFA-A711-48C2-AD29-F2AB3984DDEB}.Release|Any CPU.Build.0 = Release|Any CPU
		{3FC3BAFA-A711-48C2-AD29-F2AB3984DDEB}.Release|x64.ActiveCfg = Release|Any CPU
		{3FC3BAFA-A711-48C2-AD29-F2AB3984DDEB}.Release|x64.Build.0 = Release|Any CPU
		{3FC3BAFA-A711-48C2-AD29-F2AB3984DDEB}.Release|x86.ActiveCfg = Release|Any CPU
		{3FC3BAFA-A711-48C2-AD29-F2AB3984DDEB}.Release|x86.Build.0 = Release|Any CPU
	EndGlobalSection
	GlobalSection(SolutionProperties) = preSolution
		HideSolutionNode = FALSE
	EndGlobalSection
	GlobalSection(NestedProjects) = preSolution
		{F5A89165-1322-4A43-9089-FCC94FD3CCE7} = {827E0CD3-B72D-47B6-A68D-7590B98EB39B}
		{92B07ED0-0326-4962-AC05-A40109B5B26D} = {827E0CD3-B72D-47B6-A68D-7590B98EB39B}
		{A8FA560D-6E5B-4111-8DE2-21954341D551} = {827E0CD3-B72D-47B6-A68D-7590B98EB39B}
		{D912511A-45E2-4836-BE37-C5D8F950F6CA} = {827E0CD3-B72D-47B6-A68D-7590B98EB39B}
		{5ABDD65C-861F-40A3-9A27-7D12EFCEFB79} = {827E0CD3-B72D-47B6-A68D-7590B98EB39B}
		{D4E5BA9F-272A-4DAB-92FB-EB7D7BB5B8A5} = {0AB3BF05-4346-4AA6-1389-037BE0695223}
		{3FC3BAFA-A711-48C2-AD29-F2AB3984DDEB} = {0AB3BF05-4346-4AA6-1389-037BE0695223}
	EndGlobalSection
EndGlobal
